
Microsoft Visual Studio Solution File, Format Version 12.00
# Visual Studio Version 17
VisualStudioVersion = 17.0.31903.59
MinimumVisualStudioVersion = 10.0.40219.1
Project("{2150E333-8FDC-42A3-9474-1A3956D46DE8}") = "src", "src", "{827E0CD3-B72D-47B6-A68D-7590B98EB39B}"
EndProject
Project("{FAE04EC0-301F-11D3-BF4B-00C04F79EFBC}") = "OpenAorus.Hardware", "src\OpenAorus.Hardware\OpenAorus.Hardware.csproj", "{90A5DA84-D938-4549-9142-A6E1C94CE060}"
EndProject
Project("{FAE04EC0-301F-11D3-BF4B-00C04F79EFBC}") = "OpenAorus.App", "src\OpenAorus.App\OpenAorus.App.csproj", "{821BBDCB-F969-49A1-AF28-C88415AB4ABF}"
EndProject
Project("{2150E333-8FDC-42A3-9474-1A3956D46DE8}") = "tests", "tests", "{0AB3BF05-4346-4AA6-1389-037BE0695223}"
EndProject
Project("{FAE04EC0-301F-11D3-BF4B-00C04F79EFBC}") = "OpenAorus.Hardware.Tests", "tests\OpenAorus.Hardware.Tests\OpenAorus.Hardware.Tests.csproj", "{B26CD214-9BB1-4613-B84A-439E1D189AD3}"
EndProject
Global
	GlobalSection(SolutionConfigurationPlatforms) = preSolution
		Debug|Any CPU = Debug|Any CPU
		Debug|x64 = Debug|x64
		Debug|x86 = Debug|x86
		Release|Any CPU = Release|Any CPU
		Release|x64 = Release|x64
		Release|x86 = Release|x86
	EndGlobalSection
	GlobalSection(ProjectConfigurationPlatforms) = postSolution
		{90A5DA84-D938-4549-9142-A6E1C94CE060}.Debug|Any CPU.ActiveCfg = Debug|Any CPU
		{90A5DA84-D938-4549-9142-A6E1C94CE060}.Debug|Any CPU.Build.0 = Debug|Any CPU
		{90A5DA84-D938-4549-9142-A6E1C94CE060}.Debug|x64.ActiveCfg = Debug|Any CPU
		{90A5DA84-D938-4549-9142-A6E1C94CE060}.Debug|x64.Build.0 = Debug|Any CPU
		{90A5DA84-D938-4549-9142-A6E1C94CE060}.Debug|x86.ActiveCfg = Debug|Any CPU
		{90A5DA84-D938-4549-9142-A6E1C94CE060}.Debug|x86.Build.0 = Debug|Any CPU
		{90A5DA84-D938-4549-9142-A6E1C94CE060}.Release|Any CPU.ActiveCfg = Release|Any CPU
		{90A5DA84-D938-4549-9142-A6E1C94CE060}.Release|Any CPU.Build.0 = Release|Any CPU
		{90A5DA84-D938-4549-9142-A6E1C94CE060}.Release|x64.ActiveCfg = Release|Any CPU
		{90A5DA84-D938-4549-9142-A6E1C94CE060}.Release|x64.Build.0 = Release|Any CPU
		{90A5DA84-D938-4549-9142-A6E1C94CE060}.Release|x86.ActiveCfg = Release|Any CPU
		{90A5DA84-D938-4549-9142-A6E1C94CE060}.Release|x86.Build.0 = Release|Any CPU
		{821BBDCB-F969-49A1-AF28-C88415AB4ABF}.Debug|Any CPU.ActiveCfg = Debug|Any CPU
		{821BBDCB-F969-49A1-AF28-C88415AB4ABF}.Debug|Any CPU.Build.0 = Debug|Any CPU
		{821BBDCB-F969-49A1-AF28-C88415AB4ABF}.Debug|x64.ActiveCfg = Debug|Any CPU
		{821BBDCB-F969-49A1-AF28-C88415AB4ABF}.Debug|x64.Build.0 = Debug|Any CPU
		{821BBDCB-F969-49A1-AF28-C88415AB4ABF}.Debug|x86.ActiveCfg = Debug|Any CPU
		{821BBDCB-F969-49A1-AF28-C88415AB4ABF}.Debug|x86.Build.0 = Debug|Any CPU
		{821BBDCB-F969-49A1-AF28-C88415AB4ABF}.Release|Any CPU.ActiveCfg = Release|Any CPU
		{821BBDCB-F969-49A1-AF28-C88415AB4ABF}.Release|Any CPU.Build.0 = Release|Any CPU
		{821BBDCB-F969-49A1-AF28-C88415AB4ABF}.Release|x64.ActiveCfg = Release|Any CPU
		{821BBDCB-F969-49A1-AF28-C88415AB4ABF}.Release|x64.Build.0 = Release|Any CPU
		{821BBDCB-F969-49A1-AF28-C88415AB4ABF}.Release|x86.ActiveCfg = Release|Any CPU
		{821BBDCB-F969-49A1-AF28-C88415AB4ABF}.Release|x86.Build.0 = Release|Any CPU
		{B26CD214-9BB1-4613-B84A-439E1D189AD3}.Debug|Any CPU.ActiveCfg = Debug|Any CPU
		{B26CD214-9BB1-4613-B84A-439E1D189AD3}.Debug|Any CPU.Build.0 = Debug|Any CPU
		{B26CD214-9BB1-4613-B84A-439E1D189AD3}.Debug|x64.ActiveCfg = Debug|Any CPU
		{B26CD214-9BB1-4613-B84A-439E1D189AD3}.Debug|x64.Build.0 = Debug|Any CPU
		{B26CD214-9BB1-4613-B84A-439E1D189AD3}.Debug|x86.ActiveCfg = Debug|Any CPU
		{B26CD214-9BB1-4613-B84A-439E1D189AD3}.Debug|x86.Build.0 = Debug|Any CPU
		{B26CD214-9BB1-4613-B84A-439E1D189AD3}.Release|Any CPU.ActiveCfg = Release|Any CPU
		{B26CD214-9BB1-4613-B84A-439E1D189AD3}.Release|Any CPU.Build.0 = Release|Any CPU
		{B26CD214-9BB1-4613-B84A-439E1D189AD3}.Release|x64.ActiveCfg = Release|Any CPU
		{B26CD214-9BB1-4613-B84A-439E1D189AD3}.Release|x64.Build.0 = Release|Any CPU
		{B26CD214-9BB1-4613-B84A-439E1D189AD3}.Release|x86.ActiveCfg = Release|Any CPU
		{B26CD214-9BB1-4613-B84A-439E1D189AD3}.Release|x86.Build.0 = Release|Any CPU
	EndGlobalSection
	GlobalSection(SolutionProperties) = preSolution
		HideSolutionNode = FALSE
	EndGlobalSection
	GlobalSection(NestedProjects) = preSolution
		{90A5DA84-D938-4549-9142-A6E1C94CE060} = {827E0CD3-B72D-47B6-A68D-7590B98EB39B}
		{821BBDCB-F969-49A1-AF28-C88415AB4ABF} = {827E0CD3-B72D-47B6-A68D-7590B98EB39B}
		{B26CD214-9BB1-4613-B84A-439E1D189AD3} = {0AB3BF05-4346-4AA6-1389-037BE0695223}
	EndGlobalSection
EndGlobal
